PODS:
  - JSONKit-NoWarning (1.2)
  - NSDictionary+Accessors (1.0.0)
  - UIView+Positioning (1.1)
  - WBWebViewConsole (1.0.1):
    - JSONKit-NoWarning (~> 1.2)
    - NSDictionary+Accessors (~> 1.0)
    - UIView+Positioning (~> 1.1)

DEPENDENCIES:
  - WBWebViewConsole (from `../..`)

EXTERNAL SOURCES:
  WBWebViewConsole:
    :path: "../.."

SPEC CHECKSUMS:
  JSONKit-NoWarning: 3d27e6f9e6846ecf741e8c64dcadd7d5aa7193cb
  NSDictionary+Accessors: 5c453c028da416525428c938602c7c96704a9bbc
  UIView+Positioning: e93fe9e3186d1ed7d60e344aa12787911e902056
  WBWebViewConsole: 7afef8da3930674560723769afcfa56b8ae8e1eb

COCOAPODS: 0.39.0
